
Microsoft Visual Studio Solution File, Format Version 12.00
# Visual Studio Version 17
VisualStudioVersion = 17.3.32922.545
MinimumVisualStudioVersion = 10.0.40219.1
Project("{FAE04EC0-301F-11D3-BF4B-00C04F79EFBC}") = "Tolking app", "Tolking app\Tolking app.csproj", "{05AC2E84-11DD-4765-9D36-203774F8CF76}"
EndProject
Global
	GlobalSection(SolutionConfigurationPlatforms) = preSolution
		Debug|Any CPU = Debug|Any CPU
		Release|Any CPU = Release|Any CPU
	EndGlobalSection
	GlobalSection(ProjectConfigurationPlatforms) = postSolution
		{05AC2E84-11DD-4765-9D36-203774F8CF76}.Debug|Any CPU.ActiveCfg = Debug|Any CPU
		{05AC2E84-11DD-4765-9D36-203774F8CF76}.Debug|Any CPU.Build.0 = Debug|Any CPU
		{05AC2E84-11DD-4765-9D36-203774F8CF76}.Release|Any CPU.ActiveCfg = Release|Any CPU
		{05AC2E84-11DD-4765-9D36-203774F8CF76}.Release|Any CPU.Build.0 = Release|Any CPU
	EndGlobalSection
	GlobalSection(SolutionProperties) = preSolution
		HideSolutionNode = FALSE
	EndGlobalSection
	GlobalSection(ExtensibilityGlobals) = postSolution
		SolutionGuid = {F2622621-5294-417C-8DEB-81881D446E2C}
	EndGlobalSection
EndGlobal
